
Microsoft Visual Studio Solution File, Format Version 12.00
# Visual Studio Version 16
VisualStudioVersion = 16.0.31624.102
MinimumVisualStudioVersion = 10.0.40219.1
Project("{FAE04EC0-301F-11D3-BF4B-00C04F79EFBC}") = "ConcurrentThreadTest_4Threads", "ConcurrentThreadTest_4Threads\ConcurrentThreadTest_4Threads.csproj", "{2D04B55A-221E-48AD-8A49-4C7A8AD3284B}"
EndProject
Global
	GlobalSection(SolutionConfigurationPlatforms) = preSolution
		Debug|Any CPU = Debug|Any CPU
		Release|Any CPU = Release|Any CPU
	EndGlobalSection
	GlobalSection(ProjectConfigurationPlatforms) = postSolution
		{2D04B55A-221E-48AD-8A49-4C7A8AD3284B}.Debug|Any CPU.ActiveCfg = Debug|Any CPU
		{2D04B55A-221E-48AD-8A49-4C7A8AD3284B}.Debug|Any CPU.Build.0 = Debug|Any CPU
		{2D04B55A-221E-48AD-8A49-4C7A8AD3284B}.Release|Any CPU.ActiveCfg = Release|Any CPU
		{2D04B55A-221E-48AD-8A49-4C7A8AD3284B}.Release|Any CPU.Build.0 = Release|Any CPU
	EndGlobalSection
	GlobalSection(SolutionProperties) = preSolution
		HideSolutionNode = FALSE
	EndGlobalSection
	GlobalSection(ExtensibilityGlobals) = postSolution
		SolutionGuid = {29D07396-BF70-4E52-B6A4-3609C6916303}
	EndGlobalSection
EndGlobal
